
Microsoft Visual Studio Solution File, Format Version 12.00
# Visual Studio Version 17
VisualStudioVersion = 17.11.35303.130
MinimumVisualStudioVersion = 10.0.40219.1
Project("{FAE04EC0-301F-11D3-BF4B-00C04F79EFBC}") = "Khadamat_FileService.Api", "Khadamat_FileService.Api\Khadamat_FileService.Api.csproj", "{9C21C03E-EE8F-4DF6-9E65-7800A21E1960}"
EndProject
Project("{FAE04EC0-301F-11D3-BF4B-00C04F79EFBC}") = "Khadamat_FileService.Application", "Khadamat_FileService.Application\Khadamat_FileService.Application.csproj", "{B1694A88-A356-492D-9973-EA0031BF4CCE}"
EndProject
Project("{FAE04EC0-301F-11D3-BF4B-00C04F79EFBC}") = "Khadamat_FileService.Infrastructure", "Khadamat_FileService.Infrastructure\Khadamat_FileService.Infrastructure.csproj", "{4297138F-1193-4696-8A18-5A485C89EA89}"
EndProject
Project("{FAE04EC0-301F-11D3-BF4B-00C04F79EFBC}") = "Khadamat_FileService.Domain", "Khadamat_FileService.Domain\Khadamat_FileService.Domain.csproj", "{BCCC4C53-274B-48B9-8D81-98DFC9605AB2}"
EndProject
Project("{FAE04EC0-301F-11D3-BF4B-00C04F79EFBC}") = "Khadamat_FileService.Contracts", "Khadamat_FileService.Contracts\Khadamat_FileService.Contracts.csproj", "{82DB2E6C-FC5F-4DE9-807F-58572235A28D}"
EndProject
Global
	GlobalSection(SolutionConfigurationPlatforms) = preSolution
		Debug|Any CPU = Debug|Any CPU
		Release|Any CPU = Release|Any CPU
	EndGlobalSection
	GlobalSection(ProjectConfigurationPlatforms) = postSolution
		{9C21C03E-EE8F-4DF6-9E65-7800A21E1960}.Debug|Any CPU.ActiveCfg = Debug|Any CPU
		{9C21C03E-EE8F-4DF6-9E65-7800A21E1960}.Debug|Any CPU.Build.0 = Debug|Any CPU
		{9C21C03E-EE8F-4DF6-9E65-7800A21E1960}.Release|Any CPU.ActiveCfg = Release|Any CPU
		{9C21C03E-EE8F-4DF6-9E65-7800A21E1960}.Release|Any CPU.Build.0 = Release|Any CPU
		{B1694A88-A356-492D-9973-EA0031BF4CCE}.Debug|Any CPU.ActiveCfg = Debug|Any CPU
		{B1694A88-A356-492D-9973-EA0031BF4CCE}.Debug|Any CPU.Build.0 = Debug|Any CPU
		{B1694A88-A356-492D-9973-EA0031BF4CCE}.Release|Any CPU.ActiveCfg = Release|Any CPU
		{B1694A88-A356-492D-9973-EA0031BF4CCE}.Release|Any CPU.Build.0 = Release|Any CPU
		{4297138F-1193-4696-8A18-5A485C89EA89}.Debug|Any CPU.ActiveCfg = Debug|Any CPU
		{4297138F-1193-4696-8A18-5A485C89EA89}.Debug|Any CPU.Build.0 = Debug|Any CPU
		{4297138F-1193-4696-8A18-5A485C89EA89}.Release|Any CPU.ActiveCfg = Release|Any CPU
		{4297138F-1193-4696-8A18-5A485C89EA89}.Release|Any CPU.Build.0 = Release|Any CPU
		{BCCC4C53-274B-48B9-8D81-98DFC9605AB2}.Debug|Any CPU.ActiveCfg = Debug|Any CPU
		{BCCC4C53-274B-48B9-8D81-98DFC9605AB2}.Debug|Any CPU.Build.0 = Debug|Any CPU
		{BCCC4C53-274B-48B9-8D81-98DFC9605AB2}.Release|Any CPU.ActiveCfg = Release|Any CPU
		{BCCC4C53-274B-48B9-8D81-98DFC9605AB2}.Release|Any CPU.Build.0 = Release|Any CPU
		{82DB2E6C-FC5F-4DE9-807F-58572235A28D}.Debug|Any CPU.ActiveCfg = Debug|Any CPU
		{82DB2E6C-FC5F-4DE9-807F-58572235A28D}.Debug|Any CPU.Build.0 = Debug|Any CPU
		{82DB2E6C-FC5F-4DE9-807F-58572235A28D}.Release|Any CPU.ActiveCfg = Release|Any CPU
		{82DB2E6C-FC5F-4DE9-807F-58572235A28D}.Release|Any CPU.Build.0 = Release|Any CPU
	EndGlobalSection
	GlobalSection(SolutionProperties) = preSolution
		HideSolutionNode = FALSE
	EndGlobalSection
	GlobalSection(ExtensibilityGlobals) = postSolution
		SolutionGuid = {B0235601-5C48-4EE1-A765-69A56DAE32EC}
	EndGlobalSection
EndGlobal
