
Microsoft Visual Studio Solution File, Format Version 12.00
# Visual Studio Version 17
VisualStudioVersion = 17.11.35303.130
MinimumVisualStudioVersion = 10.0.40219.1
Project("{FAE04EC0-301F-11D3-BF4B-00C04F79EFBC}") = "Khadamat_UserManagement.API", "Khadamat_UserManagement.API\Khadamat_UserManagement.API.csproj", "{79CA724E-7F5B-442A-BFF6-CF9F43F58A7E}"
EndProject
Project("{FAE04EC0-301F-11D3-BF4B-00C04F79EFBC}") = "Khadamat_UserManagement.Application", "Khadamat_UserManagement.Application\Khadamat_UserManagement.Application.csproj", "{3F56FA8A-71E5-4B8E-84E5-1C9139F2506C}"
EndProject
Project("{FAE04EC0-301F-11D3-BF4B-00C04F79EFBC}") = "Khadamat_UserManagement.Infrastructure", "Khadamat_UserManagement.Infrastructure\Khadamat_UserManagement.Infrastructure.csproj", "{3DC7AFCB-E9BA-4522-924F-3D5AC9DA35DA}"
EndProject
Project("{FAE04EC0-301F-11D3-BF4B-00C04F79EFBC}") = "Khadamat_UserManagement.Contracts", "Khadamat_UserManagement.Contracts\Khadamat_UserManagement.Contracts.csproj", "{22EE6F67-6AB2-49BF-9965-4A91D1F2E29E}"
EndProject
Project("{FAE04EC0-301F-11D3-BF4B-00C04F79EFBC}") = "Khadamat_UserManagement.Domain", "Khadamat_UserManagement.Domain\Khadamat_UserManagement.Domain.csproj", "{FE51A8B8-634A-4A19-B3C9-0756C808E988}"
EndProject
Global
	GlobalSection(SolutionConfigurationPlatforms) = preSolution
		Debug|Any CPU = Debug|Any CPU
		Release|Any CPU = Release|Any CPU
	EndGlobalSection
	GlobalSection(ProjectConfigurationPlatforms) = postSolution
		{79CA724E-7F5B-442A-BFF6-CF9F43F58A7E}.Debug|Any CPU.ActiveCfg = Debug|Any CPU
		{79CA724E-7F5B-442A-BFF6-CF9F43F58A7E}.Debug|Any CPU.Build.0 = Debug|Any CPU
		{79CA724E-7F5B-442A-BFF6-CF9F43F58A7E}.Release|Any CPU.ActiveCfg = Release|Any CPU
		{79CA724E-7F5B-442A-BFF6-CF9F43F58A7E}.Release|Any CPU.Build.0 = Release|Any CPU
		{3F56FA8A-71E5-4B8E-84E5-1C9139F2506C}.Debug|Any CPU.ActiveCfg = Debug|Any CPU
		{3F56FA8A-71E5-4B8E-84E5-1C9139F2506C}.Debug|Any CPU.Build.0 = Debug|Any CPU
		{3F56FA8A-71E5-4B8E-84E5-1C9139F2506C}.Release|Any CPU.ActiveCfg = Release|Any CPU
		{3F56FA8A-71E5-4B8E-84E5-1C9139F2506C}.Release|Any CPU.Build.0 = Release|Any CPU
		{3DC7AFCB-E9BA-4522-924F-3D5AC9DA35DA}.Debug|Any CPU.ActiveCfg = Debug|Any CPU
		{3DC7AFCB-E9BA-4522-924F-3D5AC9DA35DA}.Debug|Any CPU.Build.0 = Debug|Any CPU
		{3DC7AFCB-E9BA-4522-924F-3D5AC9DA35DA}.Release|Any CPU.ActiveCfg = Release|Any CPU
		{3DC7AFCB-E9BA-4522-924F-3D5AC9DA35DA}.Release|Any CPU.Build.0 = Release|Any CPU
		{22EE6F67-6AB2-49BF-9965-4A91D1F2E29E}.Debug|Any CPU.ActiveCfg = Debug|Any CPU
		{22EE6F67-6AB2-49BF-9965-4A91D1F2E29E}.Debug|Any CPU.Build.0 = Debug|Any CPU
		{22EE6F67-6AB2-49BF-9965-4A91D1F2E29E}.Release|Any CPU.ActiveCfg = Release|Any CPU
		{22EE6F67-6AB2-49BF-9965-4A91D1F2E29E}.Release|Any CPU.Build.0 = Release|Any CPU
		{FE51A8B8-634A-4A19-B3C9-0756C808E988}.Debug|Any CPU.ActiveCfg = Debug|Any CPU
		{FE51A8B8-634A-4A19-B3C9-0756C808E988}.Debug|Any CPU.Build.0 = Debug|Any CPU
		{FE51A8B8-634A-4A19-B3C9-0756C808E988}.Release|Any CPU.ActiveCfg = Release|Any CPU
		{FE51A8B8-634A-4A19-B3C9-0756C808E988}.Release|Any CPU.Build.0 = Release|Any CPU
	EndGlobalSection
	GlobalSection(SolutionProperties) = preSolution
		HideSolutionNode = FALSE
	EndGlobalSection
	GlobalSection(ExtensibilityGlobals) = postSolution
		SolutionGuid = {EC077730-937A-4A39-B88E-5CC9ED16552A}
	EndGlobalSection
EndGlobal
