
Microsoft Visual Studio Solution File, Format Version 12.00
# Visual Studio Version 17
VisualStudioVersion = 17.11.35303.130
MinimumVisualStudioVersion = 10.0.40219.1
Project("{FAE04EC0-301F-11D3-BF4B-00C04F79EFBC}") = "Khadamat_SharedKernal", "Khadamat_SharedKernal\Khadamat_SharedKernal.csproj", "{1C9AC934-B898-4F65-B5C3-70B5DEDABE5A}"
EndProject
Global
	GlobalSection(SolutionConfigurationPlatforms) = preSolution
		Debug|Any CPU = Debug|Any CPU
		Release|Any CPU = Release|Any CPU
	EndGlobalSection
	GlobalSection(ProjectConfigurationPlatforms) = postSolution
		{1C9AC934-B898-4F65-B5C3-70B5DEDABE5A}.Debug|Any CPU.ActiveCfg = Debug|Any CPU
		{1C9AC934-B898-4F65-B5C3-70B5DEDABE5A}.Debug|Any CPU.Build.0 = Debug|Any CPU
		{1C9AC934-B898-4F65-B5C3-70B5DEDABE5A}.Release|Any CPU.ActiveCfg = Release|Any CPU
		{1C9AC934-B898-4F65-B5C3-70B5DEDABE5A}.Release|Any CPU.Build.0 = Release|Any CPU
	EndGlobalSection
	GlobalSection(SolutionProperties) = preSolution
		HideSolutionNode = FALSE
	EndGlobalSection
	GlobalSection(ExtensibilityGlobals) = postSolution
		SolutionGuid = {31822274-C4BF-4A56-8F9F-202F12B83564}
	EndGlobalSection
EndGlobal
